// !$*UTF8*$!
{
	archiveVersion = 1;
	classes = {
	};
	objectVersion = 46;
	objects = {

/* Begin PBXBuildFile section */
		77BEDB4F1F8361A500BD59C0 /* AppDelegate.swift in Sources */ = {isa = PBXBuildFile; fileRef = 77BEDB4E1F8361A500BD59C0 /* AppDelegate.swift */; };
		77BEDB511F8361A500BD59C0 /* ViewController.swift in Sources */ = {isa = PBXBuildFile; fileRef = 77BEDB501F8361A500BD59C0 /* ViewController.swift */; };
		77BEDB541F8361A500BD59C0 /* Main.storyboard in Resources */ = {isa = PBXBuildFile; fileRef = 77BEDB521F8361A500BD59C0 /* Main.storyboard */; };
		77BEDB561F8361A500BD59C0 /* Assets.xcassets in Resources */ = {isa = PBXBuildFile; fileRef = 77BEDB551F8361A500BD59C0 /* Assets.xcassets */; };
		77BEDB591F8361A500BD59C0 /* LaunchScreen.storyboard in Resources */ = {isa = PBXBuildFile; fileRef = 77BEDB571F8361A500BD59C0 /* LaunchScreen.storyboard */; };
		77BEDB621F83625200BD59C0 /* mytest.json in Resources */ = {isa = PBXBuildFile; fileRef = 77BEDB611F83625200BD59C0 /* mytest.json */; };
/* End PBXBuildFile section */

/* Begin PBXFileReference section */
		77BEDB4B1F8361A500BD59C0 /* JSONtest01.app */ = {isa = PBXFileReference; explicitFileType = wrapper.application; includeInIndex = 0; path = JSONtest01.app; sourceTree = BUILT_PRODUCTS_DIR; };
		77BEDB4E1F8361A500BD59C0 /* AppDelegate.swift */ = {isa = PBXFileReference; lastKnownFileType = sourcecode.swift; path = AppDelegate.swift; sourceTree = "<group>"; };
		77BEDB501F8361A500BD59C0 /* ViewController.swift */ = {isa = PBXFileReference; lastKnownFileType = sourcecode.swift; path = ViewController.swift; sourceTree = "<group>"; };
		77BEDB531F8361A500BD59C0 /* Base */ = {isa = PBXFileReference; lastKnownFileType = file.storyboard; name = Base; path = Base.lproj/Main.storyboard; sourceTree = "<group>"; };
		77BEDB551F8361A500BD59C0 /* Assets.xcassets */ = {isa = PBXFileReference; lastKnownFileType = folder.assetcatalog; path = Assets.xcassets; sourceTree = "<group>"; };
		77BEDB581F8361A500BD59C0 /* Base */ = {isa = PBXFileReference; lastKnownFileType = file.storyboard; name = Base; path = Base.lproj/LaunchScreen.storyboard; sourceTree = "<group>"; };
		77BEDB5A1F8361A500BD59C0 /* Info.plist */ = {isa = PBXFileReference; lastKnownFileType = text.plist.xml; path = Info.plist; sourceTree = "<group>"; };
		77BEDB611F83625200BD59C0 /* mytest.json */ = {isa = PBXFileReference; fileEncoding = 4; lastKnownFileType = text.json; path = mytest.json; sourceTree = "<group>"; };
/* End PBXFileReference section */

/* Begin PBXFrameworksBuildPhase section */
		77BEDB481F8361A500BD59C0 /* Frameworks */ = {
			isa = PBXFrameworksBuildPhase;
			buildActionMask = 2147483647;
			files = (
			);
			runOnlyForDeploymentPostprocessing = 0;
		};
/* End PBXFrameworksBuildPhase section */

/* Begin PBXGroup section */
		77BEDB421F8361A500BD59C0 = {
			isa = PBXGroup;
			children = (
				77BEDB4D1F8361A500BD59C0 /* JSONtest01 */,
				77BEDB4C1F8361A500BD59C0 /* Products */,
			);
			sourceTree = "<group>";
		};
		77BEDB4C1F8361A500BD59C0 /* Products */ = {
			isa = PBXGroup;
			children = (
				77BEDB4B1F8361A500BD59C0 /* JSONtest01.app */,
			);
			name = Products;
			sourceTree = "<group>";
		};
		77BEDB4D1F8361A500BD59C0 /* JSONtest01 */ = {
			isa = PBXGroup;
			children = (
				77BEDB601F8361F900BD59C0 /* Resources */,
				77BEDB4E1F8361A500BD59C0 /* AppDelegate.swift */,
				77BEDB501F8361A500BD59C0 /* ViewController.swift */,
				77BEDB521F8361A500BD59C0 /* Main.storyboard */,
				77BEDB551F8361A500BD59C0 /* Assets.xcassets */,
				77BEDB571F8361A500BD59C0 /* LaunchScreen.storyboard */,
				77BEDB5A1F8361A500BD59C0 /* Info.plist */,
			);
			path = JSONtest01;
			sourceTree = "<group>";
		};
		77BEDB601F8361F900BD59C0 /* Resources */ = {
			isa = PBXGroup;
			children = (
				77BEDB611F83625200BD59C0 /* mytest.json */,
			);
			name = Resources;
			sourceTree = "<group>";
		};
/* End PBXGroup section */

/* Begin PBXNativeTarget section */
		77BEDB4A1F8361A500BD59C0 /* JSONtest01 */ = {
			isa = PBXNativeTarget;
			buildConfigurationList = 77BEDB5D1F8361A500BD59C0 /* Build configuration list for PBXNativeTarget "JSONtest01" */;
			buildPhases = (
				77BEDB471F8361A500BD59C0 /* Sources */,
				77BEDB481F8361A500BD59C0 /* Frameworks */,
				77BEDB491F8361A500BD59C0 /* Resources */,
			);
			buildRules = (
			);
			dependencies = (
			);
			name = JSONtest01;
			productName = JSONtest01;
			productReference = 77BEDB4B1F8361A500BD59C0 /* JSONtest01.app */;
			productType = "com.apple.product-type.application";
		};
/* End PBXNativeTarget section */

/* Begin PBXProject section */
		77BEDB431F8361A500BD59C0 /* Project object */ = {
			isa = PBXProject;
			attributes = {
				LastSwiftUpdateCheck = 0830;
				LastUpgradeCheck = 0830;
				ORGANIZATIONNAME = Koulutus;
				TargetAttributes = {
					77BEDB4A1F8361A500BD59C0 = {
						CreatedOnToolsVersion = 8.3.3;
						ProvisioningStyle = Automatic;
					};
				};
			};
			buildConfigurationList = 77BEDB461F8361A500BD59C0 /* Build configuration list for PBXProject "JSONtest01" */;
			compatibilityVersion = "Xcode 3.2";
			developmentRegion = English;
			hasScannedForEncodings = 0;
			knownRegions = (
				en,
				Base,
			);
			mainGroup = 77BEDB421F8361A500BD59C0;
			productRefGroup = 77BEDB4C1F8361A500BD59C0 /* Products */;
			projectDirPath = "";
			projectRoot = "";
			targets = (
				77BEDB4A1F8361A500BD59C0 /* JSONtest01 */,
			);
		};
/* End PBXProject section */

/* Begin PBXResourcesBuildPhase section */
		77BEDB491F8361A500BD59C0 /* Resources */ = {
			isa = PBXResourcesBuildPhase;
			buildActionMask = 2147483647;
			files = (
				77BEDB591F8361A500BD59C0 /* LaunchScreen.storyboard in Resources */,
				77BEDB621F83625200BD59C0 /* mytest.json in Resources */,
				77BEDB561F8361A500BD59C0 /* Assets.xcassets in Resources */,
				77BEDB541F8361A500BD59C0 /* Main.storyboard in Resources */,
			);
			runOnlyForDeploymentPostprocessing = 0;
		};
/* End PBXResourcesBuildPhase section */

/* Begin PBXSourcesBuildPhase section */
		77BEDB471F8361A500BD59C0 /* Sources */ = {
			isa = PBXSourcesBuildPhase;
			buildActionMask = 2147483647;
			files = (
				77BEDB511F8361A500BD59C0 /* ViewController.swift in Sources */,
				77BEDB4F1F8361A500BD59C0 /* AppDelegate.swift in Sources */,
			);
			runOnlyForDeploymentPostprocessing = 0;
		};
/* End PBXSourcesBuildPhase section */

/* Begin PBXVariantGroup section */
		77BEDB521F8361A500BD59C0 /* Main.storyboard */ = {
			isa = PBXVariantGroup;
			children = (
				77BEDB531F8361A500BD59C0 /* Base */,
			);
			name = Main.storyboard;
			sourceTree = "<group>";
		};
		77BEDB571F8361A500BD59C0 /* LaunchScreen.storyboard */ = {
			isa = PBXVariantGroup;
			children = (
				77BEDB581F8361A500BD59C0 /* Base */,
			);
			name = LaunchScreen.storyboard;
			sourceTree = "<group>";
		};
/* End PBXVariantGroup section */

/* Begin XCBuildConfiguration section */
		77BEDB5B1F8361A500BD59C0 /* Debug */ = {
			isa = XCBuildConfiguration;
			buildSettings = {
				ALWAYS_SEARCH_USER_PATHS = NO;
				CLANG_ANALYZER_NONNULL = YES;
				CLANG_ANALYZER_NUMBER_OBJECT_CONVERSION = YES_AGGRESSIVE;
				CLANG_CXX_LANGUAGE_STANDARD = "gnu++0x";
				CLANG_CXX_LIBRARY = "libc++";
				CLANG_ENABLE_MODULES = YES;
				CLANG_ENABLE_OBJC_ARC = YES;
				CLANG_WARN_BOOL_CONVERSION = YES;
				CLANG_WARN_CONSTANT_CONVERSION = YES;
				CLANG_WARN_DIRECT_OBJC_ISA_USAGE = YES_ERROR;
				CLANG_WARN_DOCUMENTATION_COMMENTS = YES;
				CLANG_WARN_EMPTY_BODY = YES;
				CLANG_WARN_ENUM_CONVERSION = YES;
				CLANG_WARN_INFINITE_RECURSION = YES;
				CLANG_WARN_INT_CONVERSION = YES;
				CLANG_WARN_OBJC_ROOT_CLASS = YES_ERROR;
				CLANG_WARN_SUSPICIOUS_MOVE = YES;
				CLANG_WARN_UNREACHABLE_CODE = YES;
				CLANG_WARN__DUPLICATE_METHOD_MATCH = YES;
				"CODE_SIGN_IDENTITY[sdk=iphoneos*]" = "iPhone Developer";
				COPY_PHASE_STRIP = NO;
				DEBUG_INFORMATION_FORMAT = dwarf;
				ENABLE_STRICT_OBJC_MSGSEND = YES;
				ENABLE_TESTABILITY = YES;
				GCC_C_LANGUAGE_STANDARD = gnu99;
				GCC_DYNAMIC_NO_PIC = NO;
				GCC_NO_COMMON_BLOCKS = YES;
				GCC_OPTIMIZATION_LEVEL = 0;
				GCC_PREPROCESSOR_DEFINITIONS = (
					"DEBUG=1",
					"$(inherited)",
				);
				GCC_WARN_64_TO_32_BIT_CONVERSION = YES;
				GCC_WARN_ABOUT_RETURN_TYPE = YES_ERROR;
				GCC_WARN_UNDECLARED_SELECTOR = YES;
				GCC_WARN_UNINITIALIZED_AUTOS = YES_AGGRESSIVE;
				GCC_WARN_UNUSED_FUNCTION = YES;
				GCC_WARN_UNUSED_VARIABLE = YES;
				IPHONEOS_DEPLOYMENT_TARGET = 10.3;
				MTL_ENABLE_DEBUG_INFO = YES;
				ONLY_ACTIVE_ARCH = YES;
				SDKROOT = iphoneos;
				SWIFT_ACTIVE_COMPILATION_CONDITIONS = DEBUG;
				SWIFT_OPTIMIZATION_LEVEL = "-Onone";
			};
			name = Debug;
		};
		77BEDB5C1F8361A500BD59C0 /* Release */ = {
			isa = XCBuildConfiguration;
			buildSettings = {
				ALWAYS_SEARCH_USER_PATHS = NO;
				CLANG_ANALYZER_NONNULL = YES;
				CLANG_ANALYZER_NUMBER_OBJECT_CONVERSION = YES_AGGRESSIVE;
				CLANG_CXX_LANGUAGE_STANDARD = "gnu++0x";
				CLANG_CXX_LIBRARY = "libc++";
				CLANG_ENABLE_MODULES = YES;
				CLANG_ENABLE_OBJC_ARC = YES;
				CLANG_WARN_BOOL_CONVERSION = YES;
				CLANG_WARN_CONSTANT_CONVERSION = YES;
				CLANG_WARN_DIRECT_OBJC_ISA_USAGE = YES_ERROR;
				CLANG_WARN_DOCUMENTATION_COMMENTS = YES;
				CLANG_WARN_EMPTY_BODY = YES;
				CLANG_WARN_ENUM_CONVERSION = YES;
				CLANG_WARN_INFINITE_RECURSION = YES;
				CLANG_WARN_INT_CONVERSION = YES;
				CLANG_WARN_OBJC_ROOT_CLASS = YES_ERROR;
				CLANG_WARN_SUSPICIOUS_MOVE = YES;
				CLANG_WARN_UNREACHABLE_CODE = YES;
				CLANG_WARN__DUPLICATE_METHOD_MATCH = YES;
				"CODE_SIGN_IDENTITY[sdk=iphoneos*]" = "iPhone Developer";
				COPY_PHASE_STRIP = NO;
				DEBUG_INFORMATION_FORMAT = "dwarf-with-dsym";
				ENABLE_NS_ASSERTIONS = NO;
				ENABLE_STRICT_OBJC_MSGSEND = YES;
				GCC_C_LANGUAGE_STANDARD = gnu99;
				GCC_NO_COMMON_BLOCKS = YES;
				GCC_WARN_64_TO_32_BIT_CONVERSION = YES;
				GCC_WARN_ABOUT_RETURN_TYPE = YES_ERROR;
				GCC_WARN_UNDECLARED_SELECTOR = YES;
				GCC_WARN_UNINITIALIZED_AUTOS = YES_AGGRESSIVE;
				GCC_WARN_UNUSED_FUNCTION = YES;
				GCC_WARN_UNUSED_VARIABLE = YES;
				IPHONEOS_DEPLOYMENT_TARGET = 10.3;
				MTL_ENABLE_DEBUG_INFO = NO;
				SDKROOT = iphoneos;
				SWIFT_OPTIMIZATION_LEVEL = "-Owholemodule";
				VALIDATE_PRODUCT = YES;
			};
			name = Release;
		};
		77BEDB5E1F8361A500BD59C0 /* Debug */ = {
			isa = XCBuildConfiguration;
			buildSettings = {
				ASSETCATALOG_COMPILER_APPICON_NAME = AppIcon;
				INFOPLIST_FILE = JSONtest01/Info.plist;
				LD_RUNPATH_SEARCH_PATHS = "$(inherited) @executable_path/Frameworks";
				PRODUCT_BUNDLE_IDENTIFIER = opiframe.JSONtest01;
				PRODUCT_NAME = "$(TARGET_NAME)";
				SWIFT_VERSION = 3.0;
			};
			name = Debug;
		};
		77BEDB5F1F8361A500BD59C0 /* Release */ = {
			isa = XCBuildConfiguration;
			buildSettings = {
				ASSETCATALOG_COMPILER_APPICON_NAME = AppIcon;
				INFOPLIST_FILE = JSONtest01/Info.plist;
				LD_RUNPATH_SEARCH_PATHS = "$(inherited) @executable_path/Frameworks";
				PRODUCT_BUNDLE_IDENTIFIER = opiframe.JSONtest01;
				PRODUCT_NAME = "$(TARGET_NAME)";
				SWIFT_VERSION = 3.0;
			};
			name = Release;
		};
/* End XCBuildConfiguration section */

/* Begin XCConfigurationList section */
		77BEDB461F8361A500BD59C0 /* Build configuration list for PBXProject "JSONtest01" */ = {
			isa = XCConfigurationList;
			buildConfigurations = (
				77BEDB5B1F8361A500BD59C0 /* Debug */,
				77BEDB5C1F8361A500BD59C0 /* Release */,
			);
			defaultConfigurationIsVisible = 0;
			defaultConfigurationName = Release;
		};
		77BEDB5D1F8361A500BD59C0 /* Build configuration list for PBXNativeTarget "JSONtest01" */ = {
			isa = XCConfigurationList;
			buildConfigurations = (
				77BEDB5E1F8361A500BD59C0 /* Debug */,
				77BEDB5F1F8361A500BD59C0 /* Release */,
			);
			defaultConfigurationIsVisible = 0;
		};
/* End XCConfigurationList section */
	};
	rootObject = 77BEDB431F8361A500BD59C0 /* Project object */;
}
